
Microsoft Visual Studio Solution File, Format Version 12.00
# Visual Studio 2012
Project("{8BC9CEB8-8B4A-11D0-8D11-00A0C91BC942}") = "pwnium_crackmefast", "pwnium_crackmefast\pwnium_crackmefast.vcxproj", "{6A7FF8C9-CBA4-42BD-8E29-7C9A8FB9D685}"
EndProject
Global
	GlobalSection(SolutionConfigurationPlatforms) = preSolution
		Debug|Win32 = Debug|Win32
		Release|Win32 = Release|Win32
	EndGlobalSection
	GlobalSection(ProjectConfigurationPlatforms) = postSolution
		{6A7FF8C9-CBA4-42BD-8E29-7C9A8FB9D685}.Debug|Win32.ActiveCfg = Debug|Win32
		{6A7FF8C9-CBA4-42BD-8E29-7C9A8FB9D685}.Debug|Win32.Build.0 = Debug|Win32
		{6A7FF8C9-CBA4-42BD-8E29-7C9A8FB9D685}.Release|Win32.ActiveCfg = Release|Win32
		{6A7FF8C9-CBA4-42BD-8E29-7C9A8FB9D685}.Release|Win32.Build.0 = Release|Win32
	EndGlobalSection
	GlobalSection(SolutionProperties) = preSolution
		HideSolutionNode = FALSE
	EndGlobalSection
EndGlobal
